
Microsoft Visual Studio Solution File, Format Version 12.00
# Visual Studio 15
VisualStudioVersion = 15.0.26124.0
MinimumVisualStudioVersion = 15.0.26124.0
Project("{FAE04EC0-301F-11D3-BF4B-00C04F79EFBC}") = "Domain", "Domain\Domain.csproj", "{BA60DEAC-FEE7-4D47-B90F-8A8D0670B7B3}"
EndProject
Project("{FAE04EC0-301F-11D3-BF4B-00C04F79EFBC}") = "Persistence", "Persistence\Persistence.csproj", "{15DA5435-8E7F-496C-B924-BE0E410C198B}"
EndProject
Project("{FAE04EC0-301F-11D3-BF4B-00C04F79EFBC}") = "Application", "Application\Application.csproj", "{BC07E732-9CC2-46DC-BEBE-AD53DBD14CAB}"
EndProject
Project("{FAE04EC0-301F-11D3-BF4B-00C04F79EFBC}") = "API", "API\API.csproj", "{862C98C6-64EB-4882-A5C7-BF10D9461A33}"
EndProject
Global
	GlobalSection(SolutionConfigurationPlatforms) = preSolution
		Debug|Any CPU = Debug|Any CPU
		Debug|x64 = Debug|x64
		Debug|x86 = Debug|x86
		Release|Any CPU = Release|Any CPU
		Release|x64 = Release|x64
		Release|x86 = Release|x86
	EndGlobalSection
	GlobalSection(SolutionProperties) = preSolution
		HideSolutionNode = FALSE
	EndGlobalSection
	GlobalSection(ProjectConfigurationPlatforms) = postSolution
		{BA60DEAC-FEE7-4D47-B90F-8A8D0670B7B3}.Debug|Any CPU.ActiveCfg = Debug|Any CPU
		{BA60DEAC-FEE7-4D47-B90F-8A8D0670B7B3}.Debug|Any CPU.Build.0 = Debug|Any CPU
		{BA60DEAC-FEE7-4D47-B90F-8A8D0670B7B3}.Debug|x64.ActiveCfg = Debug|Any CPU
		{BA60DEAC-FEE7-4D47-B90F-8A8D0670B7B3}.Debug|x64.Build.0 = Debug|Any CPU
		{BA60DEAC-FEE7-4D47-B90F-8A8D0670B7B3}.Debug|x86.ActiveCfg = Debug|Any CPU
		{BA60DEAC-FEE7-4D47-B90F-8A8D0670B7B3}.Debug|x86.Build.0 = Debug|Any CPU
		{BA60DEAC-FEE7-4D47-B90F-8A8D0670B7B3}.Release|Any CPU.ActiveCfg = Release|Any CPU
		{BA60DEAC-FEE7-4D47-B90F-8A8D0670B7B3}.Release|Any CPU.Build.0 = Release|Any CPU
		{BA60DEAC-FEE7-4D47-B90F-8A8D0670B7B3}.Release|x64.ActiveCfg = Release|Any CPU
		{BA60DEAC-FEE7-4D47-B90F-8A8D0670B7B3}.Release|x64.Build.0 = Release|Any CPU
		{BA60DEAC-FEE7-4D47-B90F-8A8D0670B7B3}.Release|x86.ActiveCfg = Release|Any CPU
		{BA60DEAC-FEE7-4D47-B90F-8A8D0670B7B3}.Release|x86.Build.0 = Release|Any CPU
		{15DA5435-8E7F-496C-B924-BE0E410C198B}.Debug|Any CPU.ActiveCfg = Debug|Any CPU
		{15DA5435-8E7F-496C-B924-BE0E410C198B}.Debug|Any CPU.Build.0 = Debug|Any CPU
		{15DA5435-8E7F-496C-B924-BE0E410C198B}.Debug|x64.ActiveCfg = Debug|Any CPU
		{15DA5435-8E7F-496C-B924-BE0E410C198B}.Debug|x64.Build.0 = Debug|Any CPU
		{15DA5435-8E7F-496C-B924-BE0E410C198B}.Debug|x86.ActiveCfg = Debug|Any CPU
		{15DA5435-8E7F-496C-B924-BE0E410C198B}.Debug|x86.Build.0 = Debug|Any CPU
		{15DA5435-8E7F-496C-B924-BE0E410C198B}.Release|Any CPU.ActiveCfg = Release|Any CPU
		{15DA5435-8E7F-496C-B924-BE0E410C198B}.Release|Any CPU.Build.0 = Release|Any CPU
		{15DA5435-8E7F-496C-B924-BE0E410C198B}.Release|x64.ActiveCfg = Release|Any CPU
		{15DA5435-8E7F-496C-B924-BE0E410C198B}.Release|x64.Build.0 = Release|Any CPU
		{15DA5435-8E7F-496C-B924-BE0E410C198B}.Release|x86.ActiveCfg = Release|Any CPU
		{15DA5435-8E7F-496C-B924-BE0E410C198B}.Release|x86.Build.0 = Release|Any CPU
		{BC07E732-9CC2-46DC-BEBE-AD53DBD14CAB}.Debug|Any CPU.ActiveCfg = Debug|Any CPU
		{BC07E732-9CC2-46DC-BEBE-AD53DBD14CAB}.Debug|Any CPU.Build.0 = Debug|Any CPU
		{BC07E732-9CC2-46DC-BEBE-AD53DBD14CAB}.Debug|x64.ActiveCfg = Debug|Any CPU
		{BC07E732-9CC2-46DC-BEBE-AD53DBD14CAB}.Debug|x64.Build.0 = Debug|Any CPU
		{BC07E732-9CC2-46DC-BEBE-AD53DBD14CAB}.Debug|x86.ActiveCfg = Debug|Any CPU
		{BC07E732-9CC2-46DC-BEBE-AD53DBD14CAB}.Debug|x86.Build.0 = Debug|Any CPU
		{BC07E732-9CC2-46DC-BEBE-AD53DBD14CAB}.Release|Any CPU.ActiveCfg = Release|Any CPU
		{BC07E732-9CC2-46DC-BEBE-AD53DBD14CAB}.Release|Any CPU.Build.0 = Release|Any CPU
		{BC07E732-9CC2-46DC-BEBE-AD53DBD14CAB}.Release|x64.ActiveCfg = Release|Any CPU
		{BC07E732-9CC2-46DC-BEBE-AD53DBD14CAB}.Release|x64.Build.0 = Release|Any CPU
		{BC07E732-9CC2-46DC-BEBE-AD53DBD14CAB}.Release|x86.ActiveCfg = Release|Any CPU
		{BC07E732-9CC2-46DC-BEBE-AD53DBD14CAB}.Release|x86.Build.0 = Release|Any CPU
		{862C98C6-64EB-4882-A5C7-BF10D9461A33}.Debug|Any CPU.ActiveCfg = Debug|Any CPU
		{862C98C6-64EB-4882-A5C7-BF10D9461A33}.Debug|Any CPU.Build.0 = Debug|Any CPU
		{862C98C6-64EB-4882-A5C7-BF10D9461A33}.Debug|x64.ActiveCfg = Debug|Any CPU
		{862C98C6-64EB-4882-A5C7-BF10D9461A33}.Debug|x64.Build.0 = Debug|Any CPU
		{862C98C6-64EB-4882-A5C7-BF10D9461A33}.Debug|x86.ActiveCfg = Debug|Any CPU
		{862C98C6-64EB-4882-A5C7-BF10D9461A33}.Debug|x86.Build.0 = Debug|Any CPU
		{862C98C6-64EB-4882-A5C7-BF10D9461A33}.Release|Any CPU.ActiveCfg = Release|Any CPU
		{862C98C6-64EB-4882-A5C7-BF10D9461A33}.Release|Any CPU.Build.0 = Release|Any CPU
		{862C98C6-64EB-4882-A5C7-BF10D9461A33}.Release|x64.ActiveCfg = Release|Any CPU
		{862C98C6-64EB-4882-A5C7-BF10D9461A33}.Release|x64.Build.0 = Release|Any CPU
		{862C98C6-64EB-4882-A5C7-BF10D9461A33}.Release|x86.ActiveCfg = Release|Any CPU
		{862C98C6-64EB-4882-A5C7-BF10D9461A33}.Release|x86.Build.0 = Release|Any CPU
	EndGlobalSection
EndGlobal
